[[package]]
name = "progressbar2"
version = "3.55.0"
description = "A Python Progressbar library to provide visual (yet text based) progress to long running operations."
category = "main"
optional = false
python-versions = "*"

[package.dependencies]
python-utils = ">=2.3.0"
six = "*"

[package.extras]
docs = ["sphinx (>=1.7.4)"]
tests = ["flake8 (>=3.7.7)", "pytest (>=4.6.9)", "pytest-cov (>=2.6.1)", "freezegun (>=0.3.11)", "sphinx (>=1.8.5)"]

[[package]]
name = "python-utils"
version = "2.5.6"
description = "Python Utils is a module with some convenient utilities not included with the standard Python install"
category = "main"
optional = false
python-versions = "*"

[package.dependencies]
six = "*"

[[package]]
name = "six"
version = "1.16.0"
description = "Python 2 and 3 compatibility utilities"
category = "main"
optional = false
python-versions = ">=2.7, !=3.0.*, !=3.1.*, !=3.2.*"

[metadata]
lock-version = "1.1"
python-versions = "^3.10"
content-hash = "5da1cef67396e7888aff720cf71ea44c6291a7f61df8cec6ae2fd7a0d7d23075"

[metadata.files]
progressbar2 = [
    {file = "progressbar2-3.55.0-py2.py3-none-any.whl", hash = "sha256:e98fee031da31ab9138fd8dd838ac80eafba82764eb75a43d25e3ca622f47d14"},
    {file = "progressbar2-3.55.0.tar.gz", hash = "sha256:86835d1f1a9317ab41aeb1da5e4184975e2306586839d66daf63067c102f8f04"},
]
python-utils = [
    {file = "python-utils-2.5.6.tar.gz", hash = "sha256:352d5b1febeebf9b3cdb9f3c87a3b26ef22d3c9e274a8ec1e7048ecd2fac4349"},
    {file = "python_utils-2.5.6-py2.py3-none-any.whl", hash = "sha256:18fbc1a1df9a9061e3059a48ebe5c8a66b654d688b0e3ecca8b339a7f168f208"},
]
six = [
    {file = "six-1.16.0-py2.py3-none-any.whl", hash = "sha256:8abb2f1d86890a2dfb989f9a77cfcfd3e47c2a354b01111771326f8aa26e0254"},
    {file = "six-1.16.0.tar.gz", hash = "sha256:1e61c37477a1626458e36f7b1d82aa5c9b094fa4802892072e49de9c60c4c926"},
]
